// !$*UTF8*$!
{
	archiveVersion = 1;
	classes = {
	};
	objectVersion = 56;
	objects = {

/* Begin PBXBuildFile section */
		202AD7032B9EE90100F53695 /* URLSessionHTTPClientTests.swift in Sources */ = {isa = PBXBuildFile; fileRef = 202AD7022B9EE90100F53695 /* URLSessionHTTPClientTests.swift */; };
		203BB5162BBBFCAB0031AF7C /* XCTestCase+MemoryLeakTrackingHelper.swift in Sources */ = {isa = PBXBuildFile; fileRef = 203BB5152BBBFCAB0031AF7C /* XCTestCase+MemoryLeakTrackingHelper.swift */; };
		203BB5182BC1461F0031AF7C /* URLSessionHTTPClient.swift in Sources */ = {isa = PBXBuildFile; fileRef = 203BB5172BC1461F0031AF7C /* URLSessionHTTPClient.swift */; };
		203BB5202BC2940A0031AF7C /* EssentialFeedAPIEndToEndTests.swift in Sources */ = {isa = PBXBuildFile; fileRef = 203BB51F2BC2940A0031AF7C /* EssentialFeedAPIEndToEndTests.swift */; };
		203BB5212BC2940A0031AF7C /* EssentialFeed.framework in Frameworks */ = {isa = PBXBuildFile; fileRef = 206DDE362B79FB7E00CDBF71 /* EssentialFeed.framework */; };
		206DDE3F2B79FB7E00CDBF71 /* EssentialFeed.framework in Frameworks */ = {isa = PBXBuildFile; fileRef = 206DDE362B79FB7E00CDBF71 /* EssentialFeed.framework */; };
		206DDE452B79FB7E00CDBF71 /* EssentialFeed.h in Headers */ = {isa = PBXBuildFile; fileRef = 206DDE392B79FB7E00CDBF71 /* EssentialFeed.h */; settings = {ATTRIBUTES = (Public, ); }; };
		206DDE4F2B79FBAA00CDBF71 /* FeedItem.swift in Sources */ = {isa = PBXBuildFile; fileRef = 206DDE4E2B79FBAA00CDBF71 /* FeedItem.swift */; };
		206DDE512B79FBF800CDBF71 /* FeedLoader.swift in Sources */ = {isa = PBXBuildFile; fileRef = 206DDE502B79FBF800CDBF71 /* FeedLoader.swift */; };
		206DDE542B7C9C3500CDBF71 /* RemoteFeedLoaderTests.swift in Sources */ = {isa = PBXBuildFile; fileRef = 206DDE532B7C9C3500CDBF71 /* RemoteFeedLoaderTests.swift */; };
		206DDE572B83335C00CDBF71 /* RemoteFeedLoader.swift in Sources */ = {isa = PBXBuildFile; fileRef = 206DDE562B83335C00CDBF71 /* RemoteFeedLoader.swift */; };
		206DDE592B94D61700CDBF71 /* HTTPClient.swift in Sources */ = {isa = PBXBuildFile; fileRef = 206DDE582B94D61700CDBF71 /* HTTPClient.swift */; };
		206DDE5B2B94D71800CDBF71 /* FeedItemsMapper.swift in Sources */ = {isa = PBXBuildFile; fileRef = 206DDE5A2B94D71800CDBF71 /* FeedItemsMapper.swift */; };
/* End PBXBuildFile section */

/* Begin PBXContainerItemProxy section */
		203BB5222BC2940A0031AF7C /* PBXContainerItemProxy */ = {
			isa = PBXContainerItemProxy;
			containerPortal = 206DDE2D2B79FB7E00CDBF71 /* Project object */;
			proxyType = 1;
			remoteGlobalIDString = 206DDE352B79FB7E00CDBF71;
			remoteInfo = EssentialFeed;
		};
		206DDE402B79FB7E00CDBF71 /* PBXContainerItemProxy */ = {
			isa = PBXContainerItemProxy;
			containerPortal = 206DDE2D2B79FB7E00CDBF71 /* Project object */;
			proxyType = 1;
			remoteGlobalIDString = 206DDE352B79FB7E00CDBF71;
			remoteInfo = EssentialFeed;
		};
/* End PBXContainerItemProxy section */

/* Begin PBXFileReference section */
		202AD7022B9EE90100F53695 /* URLSessionHTTPClientTests.swift */ = {isa = PBXFileReference; lastKnownFileType = sourcecode.swift; path = URLSessionHTTPClientTests.swift; sourceTree = "<group>"; };
		203BB5152BBBFCAB0031AF7C /* XCTestCase+MemoryLeakTrackingHelper.swift */ = {isa = PBXFileReference; lastKnownFileType = sourcecode.swift; path = "XCTestCase+MemoryLeakTrackingHelper.swift"; sourceTree = "<group>"; };
		203BB5172BC1461F0031AF7C /* URLSessionHTTPClient.swift */ = {isa = PBXFileReference; lastKnownFileType = sourcecode.swift; path = URLSessionHTTPClient.swift; sourceTree = "<group>"; };
		203BB51D2BC2940A0031AF7C /* EssentialFeedAPIEndToEndTests.xctest */ = {isa = PBXFileReference; explicitFileType = wrapper.cfbundle; includeInIndex = 0; path = EssentialFeedAPIEndToEndTests.xctest; sourceTree = BUILT_PRODUCTS_DIR; };
		203BB51F2BC2940A0031AF7C /* EssentialFeedAPIEndToEndTests.swift */ = {isa = PBXFileReference; lastKnownFileType = sourcecode.swift; path = EssentialFeedAPIEndToEndTests.swift; sourceTree = "<group>"; };
		206DDE362B79FB7E00CDBF71 /* EssentialFeed.framework */ = {isa = PBXFileReference; explicitFileType = wrapper.framework; includeInIndex = 0; path = EssentialFeed.framework; sourceTree = BUILT_PRODUCTS_DIR; };
		206DDE392B79FB7E00CDBF71 /* EssentialFeed.h */ = {isa = PBXFileReference; lastKnownFileType = sourcecode.c.h; path = EssentialFeed.h; sourceTree = "<group>"; };
		206DDE3E2B79FB7E00CDBF71 /* EssentialFeedTests.xctest */ = {isa = PBXFileReference; explicitFileType = wrapper.cfbundle; includeInIndex = 0; path = EssentialFeedTests.xctest; sourceTree = BUILT_PRODUCTS_DIR; };
		206DDE4E2B79FBAA00CDBF71 /* FeedItem.swift */ = {isa = PBXFileReference; lastKnownFileType = sourcecode.swift; path = FeedItem.swift; sourceTree = "<group>"; };
		206DDE502B79FBF800CDBF71 /* FeedLoader.swift */ = {isa = PBXFileReference; lastKnownFileType = sourcecode.swift; path = FeedLoader.swift; sourceTree = "<group>"; };
		206DDE532B7C9C3500CDBF71 /* RemoteFeedLoaderTests.swift */ = {isa = PBXFileReference; lastKnownFileType = sourcecode.swift; path = RemoteFeedLoaderTests.swift; sourceTree = "<group>"; };
		206DDE562B83335C00CDBF71 /* RemoteFeedLoader.swift */ = {isa = PBXFileReference; lastKnownFileType = sourcecode.swift; path = RemoteFeedLoader.swift; sourceTree = "<group>"; };
		206DDE582B94D61700CDBF71 /* HTTPClient.swift */ = {isa = PBXFileReference; lastKnownFileType = sourcecode.swift; path = HTTPClient.swift; sourceTree = "<group>"; };
		206DDE5A2B94D71800CDBF71 /* FeedItemsMapper.swift */ = {isa = PBXFileReference; lastKnownFileType = sourcecode.swift; path = FeedItemsMapper.swift; sourceTree = "<group>"; };
/* End PBXFileReference section */

/* Begin PBXFrameworksBuildPhase section */
		203BB51A2BC2940A0031AF7C /* Frameworks */ = {
			isa = PBXFrameworksBuildPhase;
			buildActionMask = 2147483647;
			files = (
				203BB5212BC2940A0031AF7C /* EssentialFeed.framework in Frameworks */,
			);
			runOnlyForDeploymentPostprocessing = 0;
		};
		206DDE332B79FB7E00CDBF71 /* Frameworks */ = {
			isa = PBXFrameworksBuildPhase;
			buildActionMask = 2147483647;
			files = (
			);
			runOnlyForDeploymentPostprocessing = 0;
		};
		206DDE3B2B79FB7E00CDBF71 /* Frameworks */ = {
			isa = PBXFrameworksBuildPhase;
			buildActionMask = 2147483647;
			files = (
				206DDE3F2B79FB7E00CDBF71 /* EssentialFeed.framework in Frameworks */,
			);
			runOnlyForDeploymentPostprocessing = 0;
		};
/* End PBXFrameworksBuildPhase section */

/* Begin PBXGroup section */
		203BB5142BBBFC710031AF7C /* Helpers */ = {
			isa = PBXGroup;
			children = (
				203BB5152BBBFCAB0031AF7C /* XCTestCase+MemoryLeakTrackingHelper.swift */,
			);
			path = Helpers;
			sourceTree = "<group>";
		};
		203BB51E2BC2940A0031AF7C /* EssentialFeedAPIEndToEndTests */ = {
			isa = PBXGroup;
			children = (
				203BB51F2BC2940A0031AF7C /* EssentialFeedAPIEndToEndTests.swift */,
			);
			path = EssentialFeedAPIEndToEndTests;
			sourceTree = "<group>";
		};
		206DDE2C2B79FB7E00CDBF71 = {
			isa = PBXGroup;
			children = (
				206DDE382B79FB7E00CDBF71 /* EssentialFeed */,
				206DDE422B79FB7E00CDBF71 /* EssentialFeedTests */,
				203BB51E2BC2940A0031AF7C /* EssentialFeedAPIEndToEndTests */,
				206DDE372B79FB7E00CDBF71 /* Products */,
			);
			sourceTree = "<group>";
		};
		206DDE372B79FB7E00CDBF71 /* Products */ = {
			isa = PBXGroup;
			children = (
				206DDE362B79FB7E00CDBF71 /* EssentialFeed.framework */,
				206DDE3E2B79FB7E00CDBF71 /* EssentialFeedTests.xctest */,
				203BB51D2BC2940A0031AF7C /* EssentialFeedAPIEndToEndTests.xctest */,
			);
			name = Products;
			sourceTree = "<group>";
		};
		206DDE382B79FB7E00CDBF71 /* EssentialFeed */ = {
			isa = PBXGroup;
			children = (
				206DDE552B83333F00CDBF71 /* Feed API */,
				206DDE522B79FCC000CDBF71 /* Feed Feature */,
				206DDE392B79FB7E00CDBF71 /* EssentialFeed.h */,
			);
			path = EssentialFeed;
			sourceTree = "<group>";
		};
		206DDE422B79FB7E00CDBF71 /* EssentialFeedTests */ = {
			isa = PBXGroup;
			children = (
				206DDE5C2B94F37200CDBF71 /* Feed API */,
			);
			path = EssentialFeedTests;
			sourceTree = "<group>";
		};
		206DDE522B79FCC000CDBF71 /* Feed Feature */ = {
			isa = PBXGroup;
			children = (
				206DDE4E2B79FBAA00CDBF71 /* FeedItem.swift */,
				206DDE502B79FBF800CDBF71 /* FeedLoader.swift */,
			);
			path = "Feed Feature";
			sourceTree = "<group>";
		};
		206DDE552B83333F00CDBF71 /* Feed API */ = {
			isa = PBXGroup;
			children = (
				206DDE562B83335C00CDBF71 /* RemoteFeedLoader.swift */,
				206DDE582B94D61700CDBF71 /* HTTPClient.swift */,
				206DDE5A2B94D71800CDBF71 /* FeedItemsMapper.swift */,
				203BB5172BC1461F0031AF7C /* URLSessionHTTPClient.swift */,
			);
			path = "Feed API";
			sourceTree = "<group>";
		};
		206DDE5C2B94F37200CDBF71 /* Feed API */ = {
			isa = PBXGroup;
			children = (
				203BB5142BBBFC710031AF7C /* Helpers */,
				206DDE532B7C9C3500CDBF71 /* RemoteFeedLoaderTests.swift */,
				202AD7022B9EE90100F53695 /* URLSessionHTTPClientTests.swift */,
			);
			path = "Feed API";
			sourceTree = "<group>";
		};
/* End PBXGroup section */

/* Begin PBXHeadersBuildPhase section */
		206DDE312B79FB7E00CDBF71 /* Headers */ = {
			isa = PBXHeadersBuildPhase;
			buildActionMask = 2147483647;
			files = (
				206DDE452B79FB7E00CDBF71 /* EssentialFeed.h in Headers */,
			);
			runOnlyForDeploymentPostprocessing = 0;
		};
/* End PBXHeadersBuildPhase section */

/* Begin PBXNativeTarget section */
		203BB51C2BC2940A0031AF7C /* EssentialFeedAPIEndToEndTests */ = {
			isa = PBXNativeTarget;
			buildConfigurationList = 203BB5242BC2940A0031AF7C /* Build configuration list for PBXNativeTarget "EssentialFeedAPIEndToEndTests" */;
			buildPhases = (
				203BB5192BC2940A0031AF7C /* Sources */,
				203BB51A2BC2940A0031AF7C /* Frameworks */,
				203BB51B2BC2940A0031AF7C /* Resources */,
			);
			buildRules = (
			);
			dependencies = (
				203BB5232BC2940A0031AF7C /* PBXTargetDependency */,
			);
			name = EssentialFeedAPIEndToEndTests;
			productName = EssentialFeedAPIEndToEndTests;
			productReference = 203BB51D2BC2940A0031AF7C /* EssentialFeedAPIEndToEndTests.xctest */;
			productType = "com.apple.product-type.bundle.unit-test";
		};
		206DDE352B79FB7E00CDBF71 /* EssentialFeed */ = {
			isa = PBXNativeTarget;
			buildConfigurationList = 206DDE482B79FB7E00CDBF71 /* Build configuration list for PBXNativeTarget "EssentialFeed" */;
			buildPhases = (
				206DDE312B79FB7E00CDBF71 /* Headers */,
				206DDE322B79FB7E00CDBF71 /* Sources */,
				206DDE332B79FB7E00CDBF71 /* Frameworks */,
				206DDE342B79FB7E00CDBF71 /* Resources */,
			);
			buildRules = (
			);
			dependencies = (
			);
			name = EssentialFeed;
			productName = EssentialFeed;
			productReference = 206DDE362B79FB7E00CDBF71 /* EssentialFeed.framework */;
			productType = "com.apple.product-type.framework";
		};
		206DDE3D2B79FB7E00CDBF71 /* EssentialFeedTests */ = {
			isa = PBXNativeTarget;
			buildConfigurationList = 206DDE4B2B79FB7E00CDBF71 /* Build configuration list for PBXNativeTarget "EssentialFeedTests" */;
			buildPhases = (
				206DDE3A2B79FB7E00CDBF71 /* Sources */,
				206DDE3B2B79FB7E00CDBF71 /* Frameworks */,
				206DDE3C2B79FB7E00CDBF71 /* Resources */,
			);
			buildRules = (
			);
			dependencies = (
				206DDE412B79FB7E00CDBF71 /* PBXTargetDependency */,
			);
			name = EssentialFeedTests;
			productName = EssentialFeedTests;
			productReference = 206DDE3E2B79FB7E00CDBF71 /* EssentialFeedTests.xctest */;
			productType = "com.apple.product-type.bundle.unit-test";
		};
/* End PBXNativeTarget section */

/* Begin PBXProject section */
		206DDE2D2B79FB7E00CDBF71 /* Project object */ = {
			isa = PBXProject;
			attributes = {
				BuildIndependentTargetsInParallel = 1;
				LastSwiftUpdateCheck = 1500;
				LastUpgradeCheck = 1500;
				TargetAttributes = {
					203BB51C2BC2940A0031AF7C = {
						CreatedOnToolsVersion = 15.0;
					};
					206DDE352B79FB7E00CDBF71 = {
						CreatedOnToolsVersion = 15.0;
						LastSwiftMigration = 1500;
					};
					206DDE3D2B79FB7E00CDBF71 = {
						CreatedOnToolsVersion = 15.0;
					};
				};
			};
			buildConfigurationList = 206DDE302B79FB7E00CDBF71 /* Build configuration list for PBXProject "EssentialFeed" */;
			compatibilityVersion = "Xcode 14.0";
			developmentRegion = en;
			hasScannedForEncodings = 0;
			knownRegions = (
				en,
				Base,
			);
			mainGroup = 206DDE2C2B79FB7E00CDBF71;
			productRefGroup = 206DDE372B79FB7E00CDBF71 /* Products */;
			projectDirPath = "";
			projectRoot = "";
			targets = (
				206DDE352B79FB7E00CDBF71 /* EssentialFeed */,
				206DDE3D2B79FB7E00CDBF71 /* EssentialFeedTests */,
				203BB51C2BC2940A0031AF7C /* EssentialFeedAPIEndToEndTests */,
			);
		};
/* End PBXProject section */

/* Begin PBXResourcesBuildPhase section */
		203BB51B2BC2940A0031AF7C /* Resources */ = {
			isa = PBXResourcesBuildPhase;
			buildActionMask = 2147483647;
			files = (
			);
			runOnlyForDeploymentPostprocessing = 0;
		};
		206DDE342B79FB7E00CDBF71 /* Resources */ = {
			isa = PBXResourcesBuildPhase;
			buildActionMask = 2147483647;
			files = (
			);
			runOnlyForDeploymentPostprocessing = 0;
		};
		206DDE3C2B79FB7E00CDBF71 /* Resources */ = {
			isa = PBXResourcesBuildPhase;
			buildActionMask = 2147483647;
			files = (
			);
			runOnlyForDeploymentPostprocessing = 0;
		};
/* End PBXResourcesBuildPhase section */

/* Begin PBXSourcesBuildPhase section */
		203BB5192BC2940A0031AF7C /* Sources */ = {
			isa = PBXSourcesBuildPhase;
			buildActionMask = 2147483647;
			files = (
				203BB5202BC2940A0031AF7C /* EssentialFeedAPIEndToEndTests.swift in Sources */,
			);
			runOnlyForDeploymentPostprocessing = 0;
		};
		206DDE322B79FB7E00CDBF71 /* Sources */ = {
			isa = PBXSourcesBuildPhase;
			buildActionMask = 2147483647;
			files = (
				206DDE5B2B94D71800CDBF71 /* FeedItemsMapper.swift in Sources */,
				206DDE512B79FBF800CDBF71 /* FeedLoader.swift in Sources */,
				206DDE572B83335C00CDBF71 /* RemoteFeedLoader.swift in Sources */,
				206DDE592B94D61700CDBF71 /* HTTPClient.swift in Sources */,
				206DDE4F2B79FBAA00CDBF71 /* FeedItem.swift in Sources */,
				203BB5182BC1461F0031AF7C /* URLSessionHTTPClient.swift in Sources */,
			);
			runOnlyForDeploymentPostprocessing = 0;
		};
		206DDE3A2B79FB7E00CDBF71 /* Sources */ = {
			isa = PBXSourcesBuildPhase;
			buildActionMask = 2147483647;
			files = (
				206DDE542B7C9C3500CDBF71 /* RemoteFeedLoaderTests.swift in Sources */,
				203BB5162BBBFCAB0031AF7C /* XCTestCase+MemoryLeakTrackingHelper.swift in Sources */,
				202AD7032B9EE90100F53695 /* URLSessionHTTPClientTests.swift in Sources */,
			);
			runOnlyForDeploymentPostprocessing = 0;
		};
/* End PBXSourcesBuildPhase section */

/* Begin PBXTargetDependency section */
		203BB5232BC2940A0031AF7C /* PBXTargetDependency */ = {
			isa = PBXTargetDependency;
			target = 206DDE352B79FB7E00CDBF71 /* EssentialFeed */;
			targetProxy = 203BB5222BC2940A0031AF7C /* PBXContainerItemProxy */;
		};
		206DDE412B79FB7E00CDBF71 /* PBXTargetDependency */ = {
			isa = PBXTargetDependency;
			target = 206DDE352B79FB7E00CDBF71 /* EssentialFeed */;
			targetProxy = 206DDE402B79FB7E00CDBF71 /* PBXContainerItemProxy */;
		};
/* End PBXTargetDependency section */

/* Begin XCBuildConfiguration section */
		203BB5252BC2940A0031AF7C /* Debug */ = {
			isa = XCBuildConfiguration;
			buildSettings = {
				CODE_SIGN_STYLE = Automatic;
				CURRENT_PROJECT_VERSION = 1;
				DEVELOPMENT_TEAM = 79V22H93VS;
				GENERATE_INFOPLIST_FILE = YES;
				MARKETING_VERSION = 1.0;
				PRODUCT_BUNDLE_IDENTIFIER = com.rodrigokroeftarouco.EssentialFeedAPIEndToEndTests;
				PRODUCT_NAME = "$(TARGET_NAME)";
				SWIFT_EMIT_LOC_STRINGS = NO;
				SWIFT_VERSION = 5.0;
			};
			name = Debug;
		};
		203BB5262BC2940A0031AF7C /* Release */ = {
			isa = XCBuildConfiguration;
			buildSettings = {
				CODE_SIGN_STYLE = Automatic;
				CURRENT_PROJECT_VERSION = 1;
				DEVELOPMENT_TEAM = 79V22H93VS;
				GENERATE_INFOPLIST_FILE = YES;
				MARKETING_VERSION = 1.0;
				PRODUCT_BUNDLE_IDENTIFIER = com.rodrigokroeftarouco.EssentialFeedAPIEndToEndTests;
				PRODUCT_NAME = "$(TARGET_NAME)";
				SWIFT_EMIT_LOC_STRINGS = NO;
				SWIFT_VERSION = 5.0;
			};
			name = Release;
		};
		206DDE462B79FB7E00CDBF71 /* Debug */ = {
			isa = XCBuildConfiguration;
			buildSettings = {
				ALWAYS_SEARCH_USER_PATHS = NO;
				ASSETCATALOG_COMPILER_GENERATE_SWIFT_ASSET_SYMBOL_EXTENSIONS = YES;
				CLANG_ANALYZER_NONNULL = YES;
				CLANG_ANALYZER_NUMBER_OBJECT_CONVERSION = YES_AGGRESSIVE;
				CLANG_CXX_LANGUAGE_STANDARD = "gnu++20";
				CLANG_ENABLE_MODULES = YES;
				CLANG_ENABLE_OBJC_ARC = YES;
				CLANG_ENABLE_OBJC_WEAK = YES;
				CLANG_WARN_BLOCK_CAPTURE_AUTORELEASING = YES;
				CLANG_WARN_BOOL_CONVERSION = YES;
				CLANG_WARN_COMMA = YES;
				CLANG_WARN_CONSTANT_CONVERSION = YES;
				CLANG_WARN_DEPRECATED_OBJC_IMPLEMENTATIONS = YES;
				CLANG_WARN_DIRECT_OBJC_ISA_USAGE = YES_ERROR;
				CLANG_WARN_DOCUMENTATION_COMMENTS = YES;
				CLANG_WARN_EMPTY_BODY = YES;
				CLANG_WARN_ENUM_CONVERSION = YES;
				CLANG_WARN_INFINITE_RECURSION = YES;
				CLANG_WARN_INT_CONVERSION = YES;
				CLANG_WARN_NON_LITERAL_NULL_CONVERSION = YES;
				CLANG_WARN_OBJC_IMPLICIT_RETAIN_SELF = YES;
				CLANG_WARN_OBJC_LITERAL_CONVERSION = YES;
				CLANG_WARN_OBJC_ROOT_CLASS = YES_ERROR;
				CLANG_WARN_QUOTED_INCLUDE_IN_FRAMEWORK_HEADER = YES;
				CLANG_WARN_RANGE_LOOP_ANALYSIS = YES;
				CLANG_WARN_STRICT_PROTOTYPES = YES;
				CLANG_WARN_SUSPICIOUS_MOVE = YES;
				CLANG_WARN_UNGUARDED_AVAILABILITY = YES_AGGRESSIVE;
				CLANG_WARN_UNREACHABLE_CODE = YES;
				CLANG_WARN__DUPLICATE_METHOD_MATCH = YES;
				COPY_PHASE_STRIP = NO;
				CURRENT_PROJECT_VERSION = 1;
				DEBUG_INFORMATION_FORMAT = dwarf;
				ENABLE_STRICT_OBJC_MSGSEND = YES;
				ENABLE_TESTABILITY = YES;
				ENABLE_USER_SCRIPT_SANDBOXING = YES;
				GCC_C_LANGUAGE_STANDARD = gnu17;
				GCC_DYNAMIC_NO_PIC = NO;
				GCC_NO_COMMON_BLOCKS = YES;
				GCC_OPTIMIZATION_LEVEL = 0;
				GCC_PREPROCESSOR_DEFINITIONS = (
					"DEBUG=1",
					"$(inherited)",
				);
				GCC_WARN_64_TO_32_BIT_CONVERSION = YES;
				GCC_WARN_ABOUT_RETURN_TYPE = YES_ERROR;
				GCC_WARN_UNDECLARED_SELECTOR = YES;
				GCC_WARN_UNINITIALIZED_AUTOS = YES_AGGRESSIVE;
				GCC_WARN_UNUSED_FUNCTION = YES;
				GCC_WARN_UNUSED_VARIABLE = YES;
				LOCALIZATION_PREFERS_STRING_CATALOGS = YES;
				MACOSX_DEPLOYMENT_TARGET = 14.0;
				MTL_ENABLE_DEBUG_INFO = INCLUDE_SOURCE;
				MTL_FAST_MATH = YES;
				ONLY_ACTIVE_ARCH = YES;
				SDKROOT = macosx;
				SWIFT_ACTIVE_COMPILATION_CONDITIONS = "DEBUG $(inherited)";
				SWIFT_OPTIMIZATION_LEVEL = "-Onone";
				VERSIONING_SYSTEM = "apple-generic";
				VERSION_INFO_PREFIX = "";
			};
			name = Debug;
		};
		206DDE472B79FB7E00CDBF71 /* Release */ = {
			isa = XCBuildConfiguration;
			buildSettings = {
				ALWAYS_SEARCH_USER_PATHS = NO;
				ASSETCATALOG_COMPILER_GENERATE_SWIFT_ASSET_SYMBOL_EXTENSIONS = YES;
				CLANG_ANALYZER_NONNULL = YES;
				CLANG_ANALYZER_NUMBER_OBJECT_CONVERSION = YES_AGGRESSIVE;
				CLANG_CXX_LANGUAGE_STANDARD = "gnu++20";
				CLANG_ENABLE_MODULES = YES;
				CLANG_ENABLE_OBJC_ARC = YES;
				CLANG_ENABLE_OBJC_WEAK = YES;
				CLANG_WARN_BLOCK_CAPTURE_AUTORELEASING = YES;
				CLANG_WARN_BOOL_CONVERSION = YES;
				CLANG_WARN_COMMA = YES;
				CLANG_WARN_CONSTANT_CONVERSION = YES;
				CLANG_WARN_DEPRECATED_OBJC_IMPLEMENTATIONS = YES;
				CLANG_WARN_DIRECT_OBJC_ISA_USAGE = YES_ERROR;
				CLANG_WARN_DOCUMENTATION_COMMENTS = YES;
				CLANG_WARN_EMPTY_BODY = YES;
				CLANG_WARN_ENUM_CONVERSION = YES;
				CLANG_WARN_INFINITE_RECURSION = YES;
				CLANG_WARN_INT_CONVERSION = YES;
				CLANG_WARN_NON_LITERAL_NULL_CONVERSION = YES;
				CLANG_WARN_OBJC_IMPLICIT_RETAIN_SELF = YES;
				CLANG_WARN_OBJC_LITERAL_CONVERSION = YES;
				CLANG_WARN_OBJC_ROOT_CLASS = YES_ERROR;
				CLANG_WARN_QUOTED_INCLUDE_IN_FRAMEWORK_HEADER = YES;
				CLANG_WARN_RANGE_LOOP_ANALYSIS = YES;
				CLANG_WARN_STRICT_PROTOTYPES = YES;
				CLANG_WARN_SUSPICIOUS_MOVE = YES;
				CLANG_WARN_UNGUARDED_AVAILABILITY = YES_AGGRESSIVE;
				CLANG_WARN_UNREACHABLE_CODE = YES;
				CLANG_WARN__DUPLICATE_METHOD_MATCH = YES;
				COPY_PHASE_STRIP = NO;
				CURRENT_PROJECT_VERSION = 1;
				DEBUG_INFORMATION_FORMAT = "dwarf-with-dsym";
				ENABLE_NS_ASSERTIONS = NO;
				ENABLE_STRICT_OBJC_MSGSEND = YES;
				ENABLE_USER_SCRIPT_SANDBOXING = YES;
				GCC_C_LANGUAGE_STANDARD = gnu17;
				GCC_NO_COMMON_BLOCKS = YES;
				GCC_WARN_64_TO_32_BIT_CONVERSION = YES;
				GCC_WARN_ABOUT_RETURN_TYPE = YES_ERROR;
				GCC_WARN_UNDECLARED_SELECTOR = YES;
				GCC_WARN_UNINITIALIZED_AUTOS = YES_AGGRESSIVE;
				GCC_WARN_UNUSED_FUNCTION = YES;
				GCC_WARN_UNUSED_VARIABLE = YES;
				LOCALIZATION_PREFERS_STRING_CATALOGS = YES;
				MACOSX_DEPLOYMENT_TARGET = 14.0;
				MTL_ENABLE_DEBUG_INFO = NO;
				MTL_FAST_MATH = YES;
				SDKROOT = macosx;
				SWIFT_COMPILATION_MODE = wholemodule;
				VERSIONING_SYSTEM = "apple-generic";
				VERSION_INFO_PREFIX = "";
			};
			name = Release;
		};
		206DDE492B79FB7E00CDBF71 /* Debug */ = {
			isa = XCBuildConfiguration;
			buildSettings = {
				CLANG_ENABLE_MODULES = YES;
				CODE_SIGN_STYLE = Automatic;
				COMBINE_HIDPI_IMAGES = YES;
				CURRENT_PROJECT_VERSION = 1;
				DEFINES_MODULE = YES;
				DEVELOPMENT_TEAM = 79V22H93VS;
				DYLIB_COMPATIBILITY_VERSION = 1;
				DYLIB_CURRENT_VERSION = 1;
				DYLIB_INSTALL_NAME_BASE = "@rpath";
				ENABLE_MODULE_VERIFIER = YES;
				GENERATE_INFOPLIST_FILE = YES;
				INFOPLIST_KEY_NSHumanReadableCopyright = "";
				INSTALL_PATH = "$(LOCAL_LIBRARY_DIR)/Frameworks";
				LD_RUNPATH_SEARCH_PATHS = (
					"$(inherited)",
					"@executable_path/../Frameworks",
					"@loader_path/Frameworks",
				);
				MARKETING_VERSION = 1.0;
				MODULE_VERIFIER_SUPPORTED_LANGUAGES = "objective-c objective-c++";
				MODULE_VERIFIER_SUPPORTED_LANGUAGE_STANDARDS = "gnu17 gnu++20";
				PRODUCT_BUNDLE_IDENTIFIER = com.rodrigokroeftarouco.EssentialFeed;
				PRODUCT_NAME = "$(TARGET_NAME:c99extidentifier)";
				SKIP_INSTALL = YES;
				SWIFT_EMIT_LOC_STRINGS = YES;
				SWIFT_OPTIMIZATION_LEVEL = "-Onone";
				SWIFT_VERSION = 5.0;
			};
			name = Debug;
		};
		206DDE4A2B79FB7E00CDBF71 /* Release */ = {
			isa = XCBuildConfiguration;
			buildSettings = {
				CLANG_ENABLE_MODULES = YES;
				CODE_SIGN_STYLE = Automatic;
				COMBINE_HIDPI_IMAGES = YES;
				CURRENT_PROJECT_VERSION = 1;
				DEFINES_MODULE = YES;
				DEVELOPMENT_TEAM = 79V22H93VS;
				DYLIB_COMPATIBILITY_VERSION = 1;
				DYLIB_CURRENT_VERSION = 1;
				DYLIB_INSTALL_NAME_BASE = "@rpath";
				ENABLE_MODULE_VERIFIER = YES;
				GENERATE_INFOPLIST_FILE = YES;
				INFOPLIST_KEY_NSHumanReadableCopyright = "";
				INSTALL_PATH = "$(LOCAL_LIBRARY_DIR)/Frameworks";
				LD_RUNPATH_SEARCH_PATHS = (
					"$(inherited)",
					"@executable_path/../Frameworks",
					"@loader_path/Frameworks",
				);
				MARKETING_VERSION = 1.0;
				MODULE_VERIFIER_SUPPORTED_LANGUAGES = "objective-c objective-c++";
				MODULE_VERIFIER_SUPPORTED_LANGUAGE_STANDARDS = "gnu17 gnu++20";
				PRODUCT_BUNDLE_IDENTIFIER = com.rodrigokroeftarouco.EssentialFeed;
				PRODUCT_NAME = "$(TARGET_NAME:c99extidentifier)";
				SKIP_INSTALL = YES;
				SWIFT_EMIT_LOC_STRINGS = YES;
				SWIFT_VERSION = 5.0;
			};
			name = Release;
		};
		206DDE4C2B79FB7E00CDBF71 /* Debug */ = {
			isa = XCBuildConfiguration;
			buildSettings = {
				ALWAYS_EMBED_SWIFT_STANDARD_LIBRARIES = YES;
				CODE_SIGN_STYLE = Automatic;
				CURRENT_PROJECT_VERSION = 1;
				DEVELOPMENT_TEAM = 79V22H93VS;
				GENERATE_INFOPLIST_FILE = YES;
				MARKETING_VERSION = 1.0;
				PRODUCT_BUNDLE_IDENTIFIER = com.rodrigokroeftarouco.EssentialFeedTests;
				PRODUCT_NAME = "$(TARGET_NAME)";
				SWIFT_EMIT_LOC_STRINGS = NO;
				SWIFT_VERSION = 5.0;
			};
			name = Debug;
		};
		206DDE4D2B79FB7E00CDBF71 /* Release */ = {
			isa = XCBuildConfiguration;
			buildSettings = {
				ALWAYS_EMBED_SWIFT_STANDARD_LIBRARIES = YES;
				CODE_SIGN_STYLE = Automatic;
				CURRENT_PROJECT_VERSION = 1;
				DEVELOPMENT_TEAM = 79V22H93VS;
				GENERATE_INFOPLIST_FILE = YES;
				MARKETING_VERSION = 1.0;
				PRODUCT_BUNDLE_IDENTIFIER = com.rodrigokroeftarouco.EssentialFeedTests;
				PRODUCT_NAME = "$(TARGET_NAME)";
				SWIFT_EMIT_LOC_STRINGS = NO;
				SWIFT_VERSION = 5.0;
			};
			name = Release;
		};
/* End XCBuildConfiguration section */

/* Begin XCConfigurationList section */
		203BB5242BC2940A0031AF7C /* Build configuration list for PBXNativeTarget "EssentialFeedAPIEndToEndTests" */ = {
			isa = XCConfigurationList;
			buildConfigurations = (
				203BB5252BC2940A0031AF7C /* Debug */,
				203BB5262BC2940A0031AF7C /* Release */,
			);
			defaultConfigurationIsVisible = 0;
			defaultConfigurationName = Release;
		};
		206DDE302B79FB7E00CDBF71 /* Build configuration list for PBXProject "EssentialFeed" */ = {
			isa = XCConfigurationList;
			buildConfigurations = (
				206DDE462B79FB7E00CDBF71 /* Debug */,
				206DDE472B79FB7E00CDBF71 /* Release */,
			);
			defaultConfigurationIsVisible = 0;
			defaultConfigurationName = Release;
		};
		206DDE482B79FB7E00CDBF71 /* Build configuration list for PBXNativeTarget "EssentialFeed" */ = {
			isa = XCConfigurationList;
			buildConfigurations = (
				206DDE492B79FB7E00CDBF71 /* Debug */,
				206DDE4A2B79FB7E00CDBF71 /* Release */,
			);
			defaultConfigurationIsVisible = 0;
			defaultConfigurationName = Release;
		};
		206DDE4B2B79FB7E00CDBF71 /* Build configuration list for PBXNativeTarget "EssentialFeedTests" */ = {
			isa = XCConfigurationList;
			buildConfigurations = (
				206DDE4C2B79FB7E00CDBF71 /* Debug */,
				206DDE4D2B79FB7E00CDBF71 /* Release */,
			);
			defaultConfigurationIsVisible = 0;
			defaultConfigurationName = Release;
		};
/* End XCConfigurationList section */
	};
	rootObject = 206DDE2D2B79FB7E00CDBF71 /* Project object */;
}
